
Microsoft Visual Studio Solution File, Format Version 12.00
# Visual Studio Version 17
VisualStudioVersion = 17.14.36408.4 d17.14
MinimumVisualStudioVersion = 10.0.40219.1
Project("{FAE04EC0-301F-11D3-BF4B-00C04F79EFBC}") = "GameCatalog", "GameCatalog\GameCatalog.csproj", "{309B823A-576E-4B8C-8D97-E38514A9546F}"
EndProject
Global
	GlobalSection(SolutionConfigurationPlatforms) = preSolution
		Debug|Any CPU = Debug|Any CPU
		Release|Any CPU = Release|Any CPU
	EndGlobalSection
	GlobalSection(ProjectConfigurationPlatforms) = postSolution
		{309B823A-576E-4B8C-8D97-E38514A9546F}.Debug|Any CPU.ActiveCfg = Debug|Any CPU
		{309B823A-576E-4B8C-8D97-E38514A9546F}.Debug|Any CPU.Build.0 = Debug|Any CPU
		{309B823A-576E-4B8C-8D97-E38514A9546F}.Release|Any CPU.ActiveCfg = Release|Any CPU
		{309B823A-576E-4B8C-8D97-E38514A9546F}.Release|Any CPU.Build.0 = Release|Any CPU
	EndGlobalSection
	GlobalSection(SolutionProperties) = preSolution
		HideSolutionNode = FALSE
	EndGlobalSection
	GlobalSection(ExtensibilityGlobals) = postSolution
		SolutionGuid = {F0B87DD0-8722-4DD6-97C6-B751C4CD315E}
	EndGlobalSection
EndGlobal
